
Microsoft Visual Studio Solution File, Format Version 12.00
# Visual Studio Version 17
VisualStudioVersion = 17.0.31903.59
MinimumVisualStudioVersion = 10.0.40219.1
Project("{2150E333-8FDC-42A3-9474-1A3956D46DE8}") = "BlazorSignalRApp", "BlazorSignalRApp", "{24588694-0E59-4A3F-9963-EAF339E06D04}"
EndProject
Project("{FAE04EC0-301F-11D3-BF4B-00C04F79EFBC}") = "BlazorSignalRApp", "BlazorSignalRApp\BlazorSignalRApp\BlazorSignalRApp.csproj", "{81662317-7067-4F6F-ABB9-10AEB755A4A8}"
EndProject
Project("{FAE04EC0-301F-11D3-BF4B-00C04F79EFBC}") = "BlazorSignalRApp.Client", "BlazorSignalRApp\BlazorSignalRApp.Client\BlazorSignalRApp.Client.csproj", "{1ED83279-2011-4952-96C4-39B1FFE03163}"
EndProject
Global
	GlobalSection(SolutionConfigurationPlatforms) = preSolution
		Debug|Any CPU = Debug|Any CPU
		Debug|x64 = Debug|x64
		Debug|x86 = Debug|x86
		Release|Any CPU = Release|Any CPU
		Release|x64 = Release|x64
		Release|x86 = Release|x86
	EndGlobalSection
	GlobalSection(ProjectConfigurationPlatforms) = postSolution
		{81662317-7067-4F6F-ABB9-10AEB755A4A8}.Debug|Any CPU.ActiveCfg = Debug|Any CPU
		{81662317-7067-4F6F-ABB9-10AEB755A4A8}.Debug|Any CPU.Build.0 = Debug|Any CPU
		{81662317-7067-4F6F-ABB9-10AEB755A4A8}.Debug|x64.ActiveCfg = Debug|Any CPU
		{81662317-7067-4F6F-ABB9-10AEB755A4A8}.Debug|x64.Build.0 = Debug|Any CPU
		{81662317-7067-4F6F-ABB9-10AEB755A4A8}.Debug|x86.ActiveCfg = Debug|Any CPU
		{81662317-7067-4F6F-ABB9-10AEB755A4A8}.Debug|x86.Build.0 = Debug|Any CPU
		{81662317-7067-4F6F-ABB9-10AEB755A4A8}.Release|Any CPU.ActiveCfg = Release|Any CPU
		{81662317-7067-4F6F-ABB9-10AEB755A4A8}.Release|Any CPU.Build.0 = Release|Any CPU
		{81662317-7067-4F6F-ABB9-10AEB755A4A8}.Release|x64.ActiveCfg = Release|Any CPU
		{81662317-7067-4F6F-ABB9-10AEB755A4A8}.Release|x64.Build.0 = Release|Any CPU
		{81662317-7067-4F6F-ABB9-10AEB755A4A8}.Release|x86.ActiveCfg = Release|Any CPU
		{81662317-7067-4F6F-ABB9-10AEB755A4A8}.Release|x86.Build.0 = Release|Any CPU
		{1ED83279-2011-4952-96C4-39B1FFE03163}.Debug|Any CPU.ActiveCfg = Debug|Any CPU
		{1ED83279-2011-4952-96C4-39B1FFE03163}.Debug|Any CPU.Build.0 = Debug|Any CPU
		{1ED83279-2011-4952-96C4-39B1FFE03163}.Debug|x64.ActiveCfg = Debug|Any CPU
		{1ED83279-2011-4952-96C4-39B1FFE03163}.Debug|x64.Build.0 = Debug|Any CPU
		{1ED83279-2011-4952-96C4-39B1FFE03163}.Debug|x86.ActiveCfg = Debug|Any CPU
		{1ED83279-2011-4952-96C4-39B1FFE03163}.Debug|x86.Build.0 = Debug|Any CPU
		{1ED83279-2011-4952-96C4-39B1FFE03163}.Release|Any CPU.ActiveCfg = Release|Any CPU
		{1ED83279-2011-4952-96C4-39B1FFE03163}.Release|Any CPU.Build.0 = Release|Any CPU
		{1ED83279-2011-4952-96C4-39B1FFE03163}.Release|x64.ActiveCfg = Release|Any CPU
		{1ED83279-2011-4952-96C4-39B1FFE03163}.Release|x64.Build.0 = Release|Any CPU
		{1ED83279-2011-4952-96C4-39B1FFE03163}.Release|x86.ActiveCfg = Release|Any CPU
		{1ED83279-2011-4952-96C4-39B1FFE03163}.Release|x86.Build.0 = Release|Any CPU
	EndGlobalSection
	GlobalSection(SolutionProperties) = preSolution
		HideSolutionNode = FALSE
	EndGlobalSection
	GlobalSection(NestedProjects) = preSolution
		{81662317-7067-4F6F-ABB9-10AEB755A4A8} = {24588694-0E59-4A3F-9963-EAF339E06D04}
		{1ED83279-2011-4952-96C4-39B1FFE03163} = {24588694-0E59-4A3F-9963-EAF339E06D04}
	EndGlobalSection
EndGlobal
